
Microsoft Visual Studio Solution File, Format Version 12.00
# Visual Studio Version 16
VisualStudioVersion = 16.0.31105.61
MinimumVisualStudioVersion = 10.0.40219.1
Project("{8BC9CEB8-8B4A-11D0-8D11-00A0C91BC942}") = "Practica7", "Practica7\Practica7.vcxproj", "{82658446-9AB6-49F8-960B-9AC7D68D52C4}"
EndProject
Global
	GlobalSection(SolutionConfigurationPlatforms) = preSolution
		Debug|x64 = Debug|x64
		Debug|x86 = Debug|x86
		Release|x64 = Release|x64
		Release|x86 = Release|x86
	EndGlobalSection
	GlobalSection(ProjectConfigurationPlatforms) = postSolution
		{82658446-9AB6-49F8-960B-9AC7D68D52C4}.Debug|x64.ActiveCfg = Debug|x64
		{82658446-9AB6-49F8-960B-9AC7D68D52C4}.Debug|x64.Build.0 = Debug|x64
		{82658446-9AB6-49F8-960B-9AC7D68D52C4}.Debug|x86.ActiveCfg = Debug|Win32
		{82658446-9AB6-49F8-960B-9AC7D68D52C4}.Debug|x86.Build.0 = Debug|Win32
		{82658446-9AB6-49F8-960B-9AC7D68D52C4}.Release|x64.ActiveCfg = Release|x64
		{82658446-9AB6-49F8-960B-9AC7D68D52C4}.Release|x64.Build.0 = Release|x64
		{82658446-9AB6-49F8-960B-9AC7D68D52C4}.Release|x86.ActiveCfg = Release|Win32
		{82658446-9AB6-49F8-960B-9AC7D68D52C4}.Release|x86.Build.0 = Release|Win32
	EndGlobalSection
	GlobalSection(SolutionProperties) = preSolution
		HideSolutionNode = FALSE
	EndGlobalSection
	GlobalSection(ExtensibilityGlobals) = postSolution
		SolutionGuid = {D2D058A7-E8AF-4FF5-8EEE-23EA2BE44576}
	EndGlobalSection
EndGlobal
