
Microsoft Visual Studio Solution File, Format Version 12.00
# Visual Studio Version 16
VisualStudioVersion = 16.0.31105.61
MinimumVisualStudioVersion = 10.0.40219.1
Project("{8BC9CEB8-8B4A-11D0-8D11-00A0C91BC942}") = "Practica5", "Practica5\Practica5.vcxproj", "{663B2B4F-7D9E-46C9-AED2-C4C4AB6C43E4}"
EndProject
Global
	GlobalSection(SolutionConfigurationPlatforms) = preSolution
		Debug|x64 = Debug|x64
		Debug|x86 = Debug|x86
		Release|x64 = Release|x64
		Release|x86 = Release|x86
	EndGlobalSection
	GlobalSection(ProjectConfigurationPlatforms) = postSolution
		{663B2B4F-7D9E-46C9-AED2-C4C4AB6C43E4}.Debug|x64.ActiveCfg = Debug|x64
		{663B2B4F-7D9E-46C9-AED2-C4C4AB6C43E4}.Debug|x64.Build.0 = Debug|x64
		{663B2B4F-7D9E-46C9-AED2-C4C4AB6C43E4}.Debug|x86.ActiveCfg = Debug|Win32
		{663B2B4F-7D9E-46C9-AED2-C4C4AB6C43E4}.Debug|x86.Build.0 = Debug|Win32
		{663B2B4F-7D9E-46C9-AED2-C4C4AB6C43E4}.Release|x64.ActiveCfg = Release|x64
		{663B2B4F-7D9E-46C9-AED2-C4C4AB6C43E4}.Release|x64.Build.0 = Release|x64
		{663B2B4F-7D9E-46C9-AED2-C4C4AB6C43E4}.Release|x86.ActiveCfg = Release|Win32
		{663B2B4F-7D9E-46C9-AED2-C4C4AB6C43E4}.Release|x86.Build.0 = Release|Win32
	EndGlobalSection
	GlobalSection(SolutionProperties) = preSolution
		HideSolutionNode = FALSE
	EndGlobalSection
	GlobalSection(ExtensibilityGlobals) = postSolution
		SolutionGuid = {EFAC2A35-E162-4D99-AC2D-15D3F1D83996}
	EndGlobalSection
EndGlobal
