
Microsoft Visual Studio Solution File, Format Version 12.00
# Visual Studio Version 16
VisualStudioVersion = 16.0.31105.61
MinimumVisualStudioVersion = 10.0.40219.1
Project("{8BC9CEB8-8B4A-11D0-8D11-00A0C91BC942}") = "Practica4", "Practica4\Practica4.vcxproj", "{02D2AD40-FBAC-4A96-BAF3-7DFB63E9F19E}"
EndProject
Global
	GlobalSection(SolutionConfigurationPlatforms) = preSolution
		Debug|x64 = Debug|x64
		Debug|x86 = Debug|x86
		Release|x64 = Release|x64
		Release|x86 = Release|x86
	EndGlobalSection
	GlobalSection(ProjectConfigurationPlatforms) = postSolution
		{02D2AD40-FBAC-4A96-BAF3-7DFB63E9F19E}.Debug|x64.ActiveCfg = Debug|x64
		{02D2AD40-FBAC-4A96-BAF3-7DFB63E9F19E}.Debug|x64.Build.0 = Debug|x64
		{02D2AD40-FBAC-4A96-BAF3-7DFB63E9F19E}.Debug|x86.ActiveCfg = Debug|Win32
		{02D2AD40-FBAC-4A96-BAF3-7DFB63E9F19E}.Debug|x86.Build.0 = Debug|Win32
		{02D2AD40-FBAC-4A96-BAF3-7DFB63E9F19E}.Release|x64.ActiveCfg = Release|x64
		{02D2AD40-FBAC-4A96-BAF3-7DFB63E9F19E}.Release|x64.Build.0 = Release|x64
		{02D2AD40-FBAC-4A96-BAF3-7DFB63E9F19E}.Release|x86.ActiveCfg = Release|Win32
		{02D2AD40-FBAC-4A96-BAF3-7DFB63E9F19E}.Release|x86.Build.0 = Release|Win32
	EndGlobalSection
	GlobalSection(SolutionProperties) = preSolution
		HideSolutionNode = FALSE
	EndGlobalSection
	GlobalSection(ExtensibilityGlobals) = postSolution
		SolutionGuid = {FE821868-23FC-428B-B3B1-C7181BE99F4B}
	EndGlobalSection
EndGlobal
